dependencies:
- name: postgresql
  repository: https://charts.bitnami.com/bitnami
  version: 15.5.38
- name: kong
  repository: https://charts.konghq.com
  version: 2.38.0
- name: redis
  repository: https://charts.bitnami.com/bitnami
  version: 19.6.4
digest: sha256:6448569dd4571000192f7fb1de997abfbd347695afd1e87863827a5a214487bd
generated: "2026-08-16T23:59:56.17229+02:00"
